// !$*UTF8*$!
{
	archiveVersion = 1;
	classes = {
	};
	objectVersion = 56;
	objects = {

/* Begin PBXBuildFile section */
		AB0DC9CC29B90A2E008302AF /* GenericAPIService.swift in Sources */ = {isa = PBXBuildFile; fileRef = AB0DC9CB29B90A2E008302AF /* GenericAPIService.swift */; };
		AB0DC9CE29B90B5A008302AF /* RetrieveCustomersViewModel.swift in Sources */ = {isa = PBXBuildFile; fileRef = AB0DC9CD29B90B5A008302AF /* RetrieveCustomersViewModel.swift */; };
		AB0DC9D029B90E7A008302AF /* RetrieveCustomersViewController.swift in Sources */ = {isa = PBXBuildFile; fileRef = AB0DC9CF29B90E7A008302AF /* RetrieveCustomersViewController.swift */; };
		AB0DC9D229B90FE5008302AF /* RetrieveCustomersTableViewCell.swift in Sources */ = {isa = PBXBuildFile; fileRef = AB0DC9D129B90FE5008302AF /* RetrieveCustomersTableViewCell.swift */; };
		AB0DC9D529B926D9008302AF /* DeleteCustomerNetworkService.swift in Sources */ = {isa = PBXBuildFile; fileRef = AB0DC9D429B926D9008302AF /* DeleteCustomerNetworkService.swift */; };
		AB73B47229B6E0C800CE814B /* LoginViewModel.swift in Sources */ = {isa = PBXBuildFile; fileRef = AB73B47129B6E0C800CE814B /* LoginViewModel.swift */; };
		AB73B47429B6E12400CE814B /* LoginViewController.swift in Sources */ = {isa = PBXBuildFile; fileRef = AB73B47329B6E12400CE814B /* LoginViewController.swift */; };
		AB73B47629B6E18300CE814B /* CustomerLoginModel.swift in Sources */ = {isa = PBXBuildFile; fileRef = AB73B47529B6E18300CE814B /* CustomerLoginModel.swift */; };
		AB73B47829B6E1A100CE814B /* LoginNetworkService.swift in Sources */ = {isa = PBXBuildFile; fileRef = AB73B47729B6E1A100CE814B /* LoginNetworkService.swift */; };
		AB73B47F29B6EDDC00CE814B /* AdminCrudOperaionsViewController.swift in Sources */ = {isa = PBXBuildFile; fileRef = AB73B47E29B6EDDC00CE814B /* AdminCrudOperaionsViewController.swift */; };
		AB73B48629B6FC0D00CE814B /* SignUpViewController.swift in Sources */ = {isa = PBXBuildFile; fileRef = AB73B48529B6FC0D00CE814B /* SignUpViewController.swift */; };
		AB73B48829B6FC4E00CE814B /* AddCustomerNetworkManager.swift in Sources */ = {isa = PBXBuildFile; fileRef = AB73B48729B6FC4E00CE814B /* AddCustomerNetworkManager.swift */; };
		AB73B48A29B6FC7300CE814B /* SignupViewModel.swift in Sources */ = {isa = PBXBuildFile; fileRef = AB73B48929B6FC7200CE814B /* SignupViewModel.swift */; };
		AB73B48C29B6FCDF00CE814B /* CustomerModel.swift in Sources */ = {isa = PBXBuildFile; fileRef = AB73B48B29B6FCDF00CE814B /* CustomerModel.swift */; };
		AB73B49A29B70D1300CE814B /* Kingfisher in Frameworks */ = {isa = PBXBuildFile; productRef = AB73B49929B70D1300CE814B /* Kingfisher */; };
		AB73B49D29B70D9500CE814B /* Category.swift in Sources */ = {isa = PBXBuildFile; fileRef = AB73B49C29B70D9500CE814B /* Category.swift */; };
		AB73B4A329B7105B00CE814B /* Alamofire in Frameworks */ = {isa = PBXBuildFile; productRef = AB73B4A229B7105B00CE814B /* Alamofire */; };
		AB73B4A529B712BC00CE814B /* CategoryViewModel.swift in Sources */ = {isa = PBXBuildFile; fileRef = AB73B4A429B712BC00CE814B /* CategoryViewModel.swift */; };
		AB73B4A729B712FC00CE814B /* CategoryViewController.swift in Sources */ = {isa = PBXBuildFile; fileRef = AB73B4A629B712FC00CE814B /* CategoryViewController.swift */; };
		AB73B4A929B7135900CE814B /* CategoryCollectionViewCell.swift in Sources */ = {isa = PBXBuildFile; fileRef = AB73B4A829B7135900CE814B /* CategoryCollectionViewCell.swift */; };
		AB84951329B63CF400E1631C /* AppDelegate.swift in Sources */ = {isa = PBXBuildFile; fileRef = AB84951229B63CF400E1631C /* AppDelegate.swift */; };
		AB84951529B63CF400E1631C /* SceneDelegate.swift in Sources */ = {isa = PBXBuildFile; fileRef = AB84951429B63CF400E1631C /* SceneDelegate.swift */; };
		AB84951A29B63CF400E1631C /* Main.storyboard in Resources */ = {isa = PBXBuildFile; fileRef = AB84951829B63CF400E1631C /* Main.storyboard */; };
		AB84951C29B63CF600E1631C /* Assets.xcassets in Resources */ = {isa = PBXBuildFile; fileRef = AB84951B29B63CF600E1631C /* Assets.xcassets */; };
		AB84951F29B63CF600E1631C /* LaunchScreen.storyboard in Resources */ = {isa = PBXBuildFile; fileRef = AB84951D29B63CF600E1631C /* LaunchScreen.storyboard */; };
		AB84952A29B63CF700E1631C /* Shopify_AdminTests.swift in Sources */ = {isa = PBXBuildFile; fileRef = AB84952929B63CF700E1631C /* Shopify_AdminTests.swift */; };
		AB84953429B63CF700E1631C /* Shopify_AdminUITests.swift in Sources */ = {isa = PBXBuildFile; fileRef = AB84953329B63CF700E1631C /* Shopify_AdminUITests.swift */; };
		AB84953629B63CF700E1631C /* Shopify_AdminUITestsLaunchTests.swift in Sources */ = {isa = PBXBuildFile; fileRef = AB84953529B63CF700E1631C /* Shopify_AdminUITestsLaunchTests.swift */; };
		AB86A13429BBDFB500F1CEB1 /* ProductsViewController.swift in Sources */ = {isa = PBXBuildFile; fileRef = AB86A13329BBDFB500F1CEB1 /* ProductsViewController.swift */; };
		AB86A13629BBE03500F1CEB1 /* ProductCollectionViewCell.swift in Sources */ = {isa = PBXBuildFile; fileRef = AB86A13529BBE03500F1CEB1 /* ProductCollectionViewCell.swift */; };
		AB86A13829BBE07100F1CEB1 /* ProductsViewModel.swift in Sources */ = {isa = PBXBuildFile; fileRef = AB86A13729BBE07100F1CEB1 /* ProductsViewModel.swift */; };
		AB86A13F29BBFDFC00F1CEB1 /* AddNewProductViewController.swift in Sources */ = {isa = PBXBuildFile; fileRef = AB86A13E29BBFDFC00F1CEB1 /* AddNewProductViewController.swift */; };
		AB86A14129BC038100F1CEB1 /* AddProductNetworkService.swift in Sources */ = {isa = PBXBuildFile; fileRef = AB86A14029BC038100F1CEB1 /* AddProductNetworkService.swift */; };
		AB86A14329BC059A00F1CEB1 /* AddProductViewModel.swift in Sources */ = {isa = PBXBuildFile; fileRef = AB86A14229BC059A00F1CEB1 /* AddProductViewModel.swift */; };
		AB86A14929BC18F500F1CEB1 /* ProductDetailModel.swift in Sources */ = {isa = PBXBuildFile; fileRef = AB86A14829BC18F500F1CEB1 /* ProductDetailModel.swift */; };
		AB86A14B29BC193300F1CEB1 /* ProductDetailsViewModel.swift in Sources */ = {isa = PBXBuildFile; fileRef = AB86A14A29BC193300F1CEB1 /* ProductDetailsViewModel.swift */; };
		AB86A14F29BC1AAD00F1CEB1 /* ProductDetailsCellViewController.swift in Sources */ = {isa = PBXBuildFile; fileRef = AB86A14E29BC1AAD00F1CEB1 /* ProductDetailsCellViewController.swift */; };
		AB86A15129BC1AE500F1CEB1 /* ProductDetailsViewController.swift in Sources */ = {isa = PBXBuildFile; fileRef = AB86A15029BC1AE500F1CEB1 /* ProductDetailsViewController.swift */; };
		AB86A15529BC1BDE00F1CEB1 /* DeletProductNetworkManager.swift in Sources */ = {isa = PBXBuildFile; fileRef = AB86A15429BC1BDE00F1CEB1 /* DeletProductNetworkManager.swift */; };
/* End PBXBuildFile section */

/* Begin PBXContainerItemProxy section */
		AB84952629B63CF700E1631C /* PBXContainerItemProxy */ = {
			isa = PBXContainerItemProxy;
			containerPortal = AB84950729B63CF300E1631C /* Project object */;
			proxyType = 1;
			remoteGlobalIDString = AB84950E29B63CF400E1631C;
			remoteInfo = "Shopify Admin";
		};
		AB84953029B63CF700E1631C /* PBXContainerItemProxy */ = {
			isa = PBXContainerItemProxy;
			containerPortal = AB84950729B63CF300E1631C /* Project object */;
			proxyType = 1;
			remoteGlobalIDString = AB84950E29B63CF400E1631C;
			remoteInfo = "Shopify Admin";
		};
/* End PBXContainerItemProxy section */

/* Begin PBXFileReference section */
		AB0DC9CB29B90A2E008302AF /* GenericAPIService.swift */ = {isa = PBXFileReference; lastKnownFileType = sourcecode.swift; path = GenericAPIService.swift; sourceTree = "<group>"; };
		AB0DC9CD29B90B5A008302AF /* RetrieveCustomersViewModel.swift */ = {isa = PBXFileReference; lastKnownFileType = sourcecode.swift; path = RetrieveCustomersViewModel.swift; sourceTree = "<group>"; };
		AB0DC9CF29B90E7A008302AF /* RetrieveCustomersViewController.swift */ = {isa = PBXFileReference; lastKnownFileType = sourcecode.swift; path = RetrieveCustomersViewController.swift; sourceTree = "<group>"; };
		AB0DC9D129B90FE5008302AF /* RetrieveCustomersTableViewCell.swift */ = {isa = PBXFileReference; lastKnownFileType = sourcecode.swift; path = RetrieveCustomersTableViewCell.swift; sourceTree = "<group>"; };
		AB0DC9D429B926D9008302AF /* DeleteCustomerNetworkService.swift */ = {isa = PBXFileReference; lastKnownFileType = sourcecode.swift; path = DeleteCustomerNetworkService.swift; sourceTree = "<group>"; };
		AB73B47129B6E0C800CE814B /* LoginViewModel.swift */ = {isa = PBXFileReference; lastKnownFileType = sourcecode.swift; path = LoginViewModel.swift; sourceTree = "<group>"; };
		AB73B47329B6E12400CE814B /* LoginViewController.swift */ = {isa = PBXFileReference; lastKnownFileType = sourcecode.swift; path = LoginViewController.swift; sourceTree = "<group>"; };
		AB73B47529B6E18300CE814B /* CustomerLoginModel.swift */ = {isa = PBXFileReference; lastKnownFileType = sourcecode.swift; path = CustomerLoginModel.swift; sourceTree = "<group>"; };
		AB73B47729B6E1A100CE814B /* LoginNetworkService.swift */ = {isa = PBXFileReference; lastKnownFileType = sourcecode.swift; path = LoginNetworkService.swift; sourceTree = "<group>"; };
		AB73B47E29B6EDDC00CE814B /* AdminCrudOperaionsViewController.swift */ = {isa = PBXFileReference; lastKnownFileType = sourcecode.swift; path = AdminCrudOperaionsViewController.swift; sourceTree = "<group>"; };
		AB73B48529B6FC0D00CE814B /* SignUpViewController.swift */ = {isa = PBXFileReference; lastKnownFileType = sourcecode.swift; path = SignUpViewController.swift; sourceTree = "<group>"; };
		AB73B48729B6FC4E00CE814B /* AddCustomerNetworkManager.swift */ = {isa = PBXFileReference; lastKnownFileType = sourcecode.swift; path = AddCustomerNetworkManager.swift; sourceTree = "<group>"; };
		AB73B48929B6FC7200CE814B /* SignupViewModel.swift */ = {isa = PBXFileReference; lastKnownFileType = sourcecode.swift; path = SignupViewModel.swift; sourceTree = "<group>"; };
		AB73B48B29B6FCDF00CE814B /* CustomerModel.swift */ = {isa = PBXFileReference; lastKnownFileType = sourcecode.swift; path = CustomerModel.swift; sourceTree = "<group>"; };
		AB73B49C29B70D9500CE814B /* Category.swift */ = {isa = PBXFileReference; lastKnownFileType = sourcecode.swift; path = Category.swift; sourceTree = "<group>"; };
		AB73B4A429B712BC00CE814B /* CategoryViewModel.swift */ = {isa = PBXFileReference; lastKnownFileType = sourcecode.swift; path = CategoryViewModel.swift; sourceTree = "<group>"; };
		AB73B4A629B712FC00CE814B /* CategoryViewController.swift */ = {isa = PBXFileReference; lastKnownFileType = sourcecode.swift; path = CategoryViewController.swift; sourceTree = "<group>"; };
		AB73B4A829B7135900CE814B /* CategoryCollectionViewCell.swift */ = {isa = PBXFileReference; lastKnownFileType = sourcecode.swift; path = CategoryCollectionViewCell.swift; sourceTree = "<group>"; };
		AB84950F29B63CF400E1631C /* Shopify Admin.app */ = {isa = PBXFileReference; explicitFileType = wrapper.application; includeInIndex = 0; path = "Shopify Admin.app"; sourceTree = BUILT_PRODUCTS_DIR; };
		AB84951229B63CF400E1631C /* AppDelegate.swift */ = {isa = PBXFileReference; lastKnownFileType = sourcecode.swift; path = AppDelegate.swift; sourceTree = "<group>"; };
		AB84951429B63CF400E1631C /* SceneDelegate.swift */ = {isa = PBXFileReference; lastKnownFileType = sourcecode.swift; path = SceneDelegate.swift; sourceTree = "<group>"; };
		AB84951929B63CF400E1631C /* Base */ = {isa = PBXFileReference; lastKnownFileType = file.storyboard; name = Base; path = Base.lproj/Main.storyboard; sourceTree = "<group>"; };
		AB84951B29B63CF600E1631C /* Assets.xcassets */ = {isa = PBXFileReference; lastKnownFileType = folder.assetcatalog; path = Assets.xcassets; sourceTree = "<group>"; };
		AB84951E29B63CF600E1631C /* Base */ = {isa = PBXFileReference; lastKnownFileType = file.storyboard; name = Base; path = Base.lproj/LaunchScreen.storyboard; sourceTree = "<group>"; };
		AB84952029B63CF600E1631C /* Info.plist */ = {isa = PBXFileReference; lastKnownFileType = text.plist.xml; path = Info.plist; sourceTree = "<group>"; };
		AB84952529B63CF700E1631C /* Shopify AdminTests.xctest */ = {isa = PBXFileReference; explicitFileType = wrapper.cfbundle; includeInIndex = 0; path = "Shopify AdminTests.xctest"; sourceTree = BUILT_PRODUCTS_DIR; };
		AB84952929B63CF700E1631C /* Shopify_AdminTests.swift */ = {isa = PBXFileReference; lastKnownFileType = sourcecode.swift; path = Shopify_AdminTests.swift; sourceTree = "<group>"; };
		AB84952F29B63CF700E1631C /* Shopify AdminUITests.xctest */ = {isa = PBXFileReference; explicitFileType = wrapper.cfbundle; includeInIndex = 0; path = "Shopify AdminUITests.xctest"; sourceTree = BUILT_PRODUCTS_DIR; };
		AB84953329B63CF700E1631C /* Shopify_AdminUITests.swift */ = {isa = PBXFileReference; lastKnownFileType = sourcecode.swift; path = Shopify_AdminUITests.swift; sourceTree = "<group>"; };
		AB84953529B63CF700E1631C /* Shopify_AdminUITestsLaunchTests.swift */ = {isa = PBXFileReference; lastKnownFileType = sourcecode.swift; path = Shopify_AdminUITestsLaunchTests.swift; sourceTree = "<group>"; };
		AB86A13329BBDFB500F1CEB1 /* ProductsViewController.swift */ = {isa = PBXFileReference; lastKnownFileType = sourcecode.swift; path = ProductsViewController.swift; sourceTree = "<group>"; };
		AB86A13529BBE03500F1CEB1 /* ProductCollectionViewCell.swift */ = {isa = PBXFileReference; lastKnownFileType = sourcecode.swift; path = ProductCollectionViewCell.swift; sourceTree = "<group>"; };
		AB86A13729BBE07100F1CEB1 /* ProductsViewModel.swift */ = {isa = PBXFileReference; lastKnownFileType = sourcecode.swift; path = ProductsViewModel.swift; sourceTree = "<group>"; };
		AB86A13E29BBFDFC00F1CEB1 /* AddNewProductViewController.swift */ = {isa = PBXFileReference; lastKnownFileType = sourcecode.swift; path = AddNewProductViewController.swift; sourceTree = "<group>"; };
		AB86A14029BC038100F1CEB1 /* AddProductNetworkService.swift */ = {isa = PBXFileReference; lastKnownFileType = sourcecode.swift; path = AddProductNetworkService.swift; sourceTree = "<group>"; };
		AB86A14229BC059A00F1CEB1 /* AddProductViewModel.swift */ = {isa = PBXFileReference; lastKnownFileType = sourcecode.swift; path = AddProductViewModel.swift; sourceTree = "<group>"; };
		AB86A14829BC18F500F1CEB1 /* ProductDetailModel.swift */ = {isa = PBXFileReference; lastKnownFileType = sourcecode.swift; path = ProductDetailModel.swift; sourceTree = "<group>"; };
		AB86A14A29BC193300F1CEB1 /* ProductDetailsViewModel.swift */ = {isa = PBXFileReference; lastKnownFileType = sourcecode.swift; path = ProductDetailsViewModel.swift; sourceTree = "<group>"; };
		AB86A14E29BC1AAD00F1CEB1 /* ProductDetailsCellViewController.swift */ = {isa = PBXFileReference; lastKnownFileType = sourcecode.swift; path = ProductDetailsCellViewController.swift; sourceTree = "<group>"; };
		AB86A15029BC1AE500F1CEB1 /* ProductDetailsViewController.swift */ = {isa = PBXFileReference; lastKnownFileType = sourcecode.swift; path = ProductDetailsViewController.swift; sourceTree = "<group>"; };
		AB86A15429BC1BDE00F1CEB1 /* DeletProductNetworkManager.swift */ = {isa = PBXFileReference; lastKnownFileType = sourcecode.swift; path = DeletProductNetworkManager.swift; sourceTree = "<group>"; };
/* End PBXFileReference section */

/* Begin PBXFrameworksBuildPhase section */
		AB84950C29B63CF400E1631C /* Frameworks */ = {
			isa = PBXFrameworksBuildPhase;
			buildActionMask = 2147483647;
			files = (
				AB73B49A29B70D1300CE814B /* Kingfisher in Frameworks */,
				AB73B4A329B7105B00CE814B /* Alamofire in Frameworks */,
			);
			runOnlyForDeploymentPostprocessing = 0;
		};
		AB84952229B63CF700E1631C /* Frameworks */ = {
			isa = PBXFrameworksBuildPhase;
			buildActionMask = 2147483647;
			files = (
			);
			runOnlyForDeploymentPostprocessing = 0;
		};
		AB84952C29B63CF700E1631C /* Frameworks */ = {
			isa = PBXFrameworksBuildPhase;
			buildActionMask = 2147483647;
			files = (
			);
			runOnlyForDeploymentPostprocessing = 0;
		};
/* End PBXFrameworksBuildPhase section */

/* Begin PBXGroup section */
		AB0DC9C129B90442008302AF /* Retrieve All Customers + deletion */ = {
			isa = PBXGroup;
			children = (
				AB0DC9C429B90463008302AF /* Model */,
				AB0DC9C329B9045C008302AF /* View */,
				AB0DC9C229B90454008302AF /* ViewModel */,
			);
			path = "Retrieve All Customers + deletion";
			sourceTree = "<group>";
		};
		AB0DC9C229B90454008302AF /* ViewModel */ = {
			isa = PBXGroup;
			children = (
				AB0DC9CD29B90B5A008302AF /* RetrieveCustomersViewModel.swift */,
			);
			path = ViewModel;
			sourceTree = "<group>";
		};
		AB0DC9C329B9045C008302AF /* View */ = {
			isa = PBXGroup;
			children = (
				AB0DC9CF29B90E7A008302AF /* RetrieveCustomersViewController.swift */,
				AB0DC9D129B90FE5008302AF /* RetrieveCustomersTableViewCell.swift */,
			);
			path = View;
			sourceTree = "<group>";
		};
		AB0DC9C429B90463008302AF /* Model */ = {
			isa = PBXGroup;
			children = (
				AB0DC9D329B926B4008302AF /* NetworkServices */,
				AB0DC9C729B90498008302AF /* DataModels */,
			);
			path = Model;
			sourceTree = "<group>";
		};
		AB0DC9C729B90498008302AF /* DataModels */ = {
			isa = PBXGroup;
			children = (
			);
			path = DataModels;
			sourceTree = "<group>";
		};
		AB0DC9C829B909D7008302AF /* Model */ = {
			isa = PBXGroup;
			children = (
				AB0DC9C929B909E0008302AF /* NetworkServices */,
			);
			path = Model;
			sourceTree = "<group>";
		};
		AB0DC9C929B909E0008302AF /* NetworkServices */ = {
			isa = PBXGroup;
			children = (
				AB0DC9CB29B90A2E008302AF /* GenericAPIService.swift */,
			);
			path = NetworkServices;
			sourceTree = "<group>";
		};
		AB0DC9D329B926B4008302AF /* NetworkServices */ = {
			isa = PBXGroup;
			children = (
				AB0DC9D429B926D9008302AF /* DeleteCustomerNetworkService.swift */,
			);
			path = NetworkServices;
			sourceTree = "<group>";
		};
		AB73B46929B6DF0500CE814B /* Utilities */ = {
			isa = PBXGroup;
			children = (
				AB84951B29B63CF600E1631C /* Assets.xcassets */,
			);
			path = Utilities;
			sourceTree = "<group>";
		};
		AB73B46A29B6DF3100CE814B /* View */ = {
			isa = PBXGroup;
			children = (
				AB84951D29B63CF600E1631C /* LaunchScreen.storyboard */,
				AB84951829B63CF400E1631C /* Main.storyboard */,
			);
			path = View;
			sourceTree = "<group>";
		};
		AB73B46B29B6DF9000CE814B /* Delegates */ = {
			isa = PBXGroup;
			children = (
				AB84951229B63CF400E1631C /* AppDelegate.swift */,
				AB84951429B63CF400E1631C /* SceneDelegate.swift */,
			);
			path = Delegates;
			sourceTree = "<group>";
		};
		AB73B46C29B6DFFE00CE814B /* Modules */ = {
			isa = PBXGroup;
			children = (
				AB86A12F29BBDF2A00F1CEB1 /* ProductViews */,
				AB73B48D29B7060900CE814B /* CategoriesViews */,
				AB73B48129B6FBA100CE814B /* CustomerViews */,
				AB73B47929B6ED5E00CE814B /* Admin CRUD Operations */,
				AB73B46D29B6E02500CE814B /* Admin Login */,
			);
			path = Modules;
			sourceTree = "<group>";
		};
		AB73B46D29B6E02500CE814B /* Admin Login */ = {
			isa = PBXGroup;
			children = (
				AB73B46E29B6E03A00CE814B /* Model */,
				AB73B46F29B6E04800CE814B /* View */,
				AB73B47029B6E05100CE814B /* ViewModel */,
			);
			path = "Admin Login";
			sourceTree = "<group>";
		};
		AB73B46E29B6E03A00CE814B /* Model */ = {
			isa = PBXGroup;
			children = (
				AB73B47529B6E18300CE814B /* CustomerLoginModel.swift */,
				AB73B47729B6E1A100CE814B /* LoginNetworkService.swift */,
			);
			path = Model;
			sourceTree = "<group>";
		};
		AB73B46F29B6E04800CE814B /* View */ = {
			isa = PBXGroup;
			children = (
				AB73B47329B6E12400CE814B /* LoginViewController.swift */,
			);
			path = View;
			sourceTree = "<group>";
		};
		AB73B47029B6E05100CE814B /* ViewModel */ = {
			isa = PBXGroup;
			children = (
				AB73B47129B6E0C800CE814B /* LoginViewModel.swift */,
			);
			path = ViewModel;
			sourceTree = "<group>";
		};
		AB73B47929B6ED5E00CE814B /* Admin CRUD Operations */ = {
			isa = PBXGroup;
			children = (
				AB73B47C29B6ED9E00CE814B /* Model */,
				AB73B47B29B6ED9300CE814B /* View */,
				AB73B47A29B6ED8400CE814B /* ViewModel */,
			);
			path = "Admin CRUD Operations";
			sourceTree = "<group>";
		};
		AB73B47A29B6ED8400CE814B /* ViewModel */ = {
			isa = PBXGroup;
			children = (
			);
			path = ViewModel;
			sourceTree = "<group>";
		};
		AB73B47B29B6ED9300CE814B /* View */ = {
			isa = PBXGroup;
			children = (
				AB73B47E29B6EDDC00CE814B /* AdminCrudOperaionsViewController.swift */,
			);
			path = View;
			sourceTree = "<group>";
		};
		AB73B47C29B6ED9E00CE814B /* Model */ = {
			isa = PBXGroup;
			children = (
			);
			path = Model;
			sourceTree = "<group>";
		};
		AB73B48029B6FB8600CE814B /* CreateNewCustomer */ = {
			isa = PBXGroup;
			children = (
				AB73B48429B6FBCD00CE814B /* Model */,
				AB73B48329B6FBC400CE814B /* View */,
				AB73B48229B6FBB800CE814B /* ViewModel */,
			);
			path = CreateNewCustomer;
			sourceTree = "<group>";
		};
		AB73B48129B6FBA100CE814B /* CustomerViews */ = {
			isa = PBXGroup;
			children = (
				AB0DC9C129B90442008302AF /* Retrieve All Customers + deletion */,
				AB73B48029B6FB8600CE814B /* CreateNewCustomer */,
			);
			path = CustomerViews;
			sourceTree = "<group>";
		};
		AB73B48229B6FBB800CE814B /* ViewModel */ = {
			isa = PBXGroup;
			children = (
				AB73B48929B6FC7200CE814B /* SignupViewModel.swift */,
			);
			path = ViewModel;
			sourceTree = "<group>";
		};
		AB73B48329B6FBC400CE814B /* View */ = {
			isa = PBXGroup;
			children = (
				AB73B48529B6FC0D00CE814B /* SignUpViewController.swift */,
			);
			path = View;
			sourceTree = "<group>";
		};
		AB73B48429B6FBCD00CE814B /* Model */ = {
			isa = PBXGroup;
			children = (
				AB73B48729B6FC4E00CE814B /* AddCustomerNetworkManager.swift */,
				AB73B48B29B6FCDF00CE814B /* CustomerModel.swift */,
			);
			path = Model;
			sourceTree = "<group>";
		};
		AB73B48D29B7060900CE814B /* CategoriesViews */ = {
			isa = PBXGroup;
			children = (
				AB73B48E29B7061F00CE814B /* RetrieveProductsByCategories */,
			);
			path = CategoriesViews;
			sourceTree = "<group>";
		};
		AB73B48E29B7061F00CE814B /* RetrieveProductsByCategories */ = {
			isa = PBXGroup;
			children = (
				AB73B49129B7065200CE814B /* Model */,
				AB73B49029B7064A00CE814B /* View */,
				AB73B48F29B7063E00CE814B /* ViewModel */,
			);
			path = RetrieveProductsByCategories;
			sourceTree = "<group>";
		};
		AB73B48F29B7063E00CE814B /* ViewModel */ = {
			isa = PBXGroup;
			children = (
				AB73B4A429B712BC00CE814B /* CategoryViewModel.swift */,
			);
			path = ViewModel;
			sourceTree = "<group>";
		};
		AB73B49029B7064A00CE814B /* View */ = {
			isa = PBXGroup;
			children = (
				AB73B4A629B712FC00CE814B /* CategoryViewController.swift */,
				AB73B4A829B7135900CE814B /* CategoryCollectionViewCell.swift */,
			);
			path = View;
			sourceTree = "<group>";
		};
		AB73B49129B7065200CE814B /* Model */ = {
			isa = PBXGroup;
			children = (
				AB73B49B29B70D8000CE814B /* DataModel */,
			);
			path = Model;
			sourceTree = "<group>";
		};
		AB73B49B29B70D8000CE814B /* DataModel */ = {
			isa = PBXGroup;
			children = (
				AB73B49C29B70D9500CE814B /* Category.swift */,
			);
			path = DataModel;
			sourceTree = "<group>";
		};
		AB84950629B63CF300E1631C = {
			isa = PBXGroup;
			children = (
				AB84951129B63CF400E1631C /* Shopify Admin */,
				AB84952829B63CF700E1631C /* Shopify AdminTests */,
				AB84953229B63CF700E1631C /* Shopify AdminUITests */,
				AB84951029B63CF400E1631C /* Products */,
			);
			sourceTree = "<group>";
		};
		AB84951029B63CF400E1631C /* Products */ = {
			isa = PBXGroup;
			children = (
				AB84950F29B63CF400E1631C /* Shopify Admin.app */,
				AB84952529B63CF700E1631C /* Shopify AdminTests.xctest */,
				AB84952F29B63CF700E1631C /* Shopify AdminUITests.xctest */,
			);
			name = Products;
			sourceTree = "<group>";
		};
		AB84951129B63CF400E1631C /* Shopify Admin */ = {
			isa = PBXGroup;
			children = (
				AB0DC9C829B909D7008302AF /* Model */,
				AB73B46A29B6DF3100CE814B /* View */,
				AB73B46B29B6DF9000CE814B /* Delegates */,
				AB73B46929B6DF0500CE814B /* Utilities */,
				AB73B46C29B6DFFE00CE814B /* Modules */,
				AB84952029B63CF600E1631C /* Info.plist */,
			);
			path = "Shopify Admin";
			sourceTree = "<group>";
		};
		AB84952829B63CF700E1631C /* Shopify AdminTests */ = {
			isa = PBXGroup;
			children = (
				AB84952929B63CF700E1631C /* Shopify_AdminTests.swift */,
			);
			path = "Shopify AdminTests";
			sourceTree = "<group>";
		};
		AB84953229B63CF700E1631C /* Shopify AdminUITests */ = {
			isa = PBXGroup;
			children = (
				AB84953329B63CF700E1631C /* Shopify_AdminUITests.swift */,
				AB84953529B63CF700E1631C /* Shopify_AdminUITestsLaunchTests.swift */,
			);
			path = "Shopify AdminUITests";
			sourceTree = "<group>";
		};
		AB86A12F29BBDF2A00F1CEB1 /* ProductViews */ = {
			isa = PBXGroup;
			children = (
				AB86A14429BC17C900F1CEB1 /* DeletProduct */,
				AB86A13929BBFC1A00F1CEB1 /* AddNewProduct */,
				AB86A13A29BBFC5600F1CEB1 /* RetrieveProducts */,
			);
			path = ProductViews;
			sourceTree = "<group>";
		};
		AB86A13029BBDF3F00F1CEB1 /* ViewModel */ = {
			isa = PBXGroup;
			children = (
				AB86A13729BBE07100F1CEB1 /* ProductsViewModel.swift */,
			);
			path = ViewModel;
			sourceTree = "<group>";
		};
		AB86A13129BBDF5800F1CEB1 /* View */ = {
			isa = PBXGroup;
			children = (
				AB86A13329BBDFB500F1CEB1 /* ProductsViewController.swift */,
				AB86A13529BBE03500F1CEB1 /* ProductCollectionViewCell.swift */,
			);
			path = View;
			sourceTree = "<group>";
		};
		AB86A13229BBDF6400F1CEB1 /* Model */ = {
			isa = PBXGroup;
			children = (
			);
			path = Model;
			sourceTree = "<group>";
		};
		AB86A13929BBFC1A00F1CEB1 /* AddNewProduct */ = {
			isa = PBXGroup;
			children = (
				AB86A13D29BBFDAC00F1CEB1 /* Model */,
				AB86A13C29BBFD9D00F1CEB1 /* View */,
				AB86A13B29BBFD8E00F1CEB1 /* ViewModel */,
			);
			path = AddNewProduct;
			sourceTree = "<group>";
		};
		AB86A13A29BBFC5600F1CEB1 /* RetrieveProducts */ = {
			isa = PBXGroup;
			children = (
				AB86A13229BBDF6400F1CEB1 /* Model */,
				AB86A13129BBDF5800F1CEB1 /* View */,
				AB86A13029BBDF3F00F1CEB1 /* ViewModel */,
			);
			path = RetrieveProducts;
			sourceTree = "<group>";
		};
		AB86A13B29BBFD8E00F1CEB1 /* ViewModel */ = {
			isa = PBXGroup;
			children = (
				AB86A14229BC059A00F1CEB1 /* AddProductViewModel.swift */,
			);
			path = ViewModel;
			sourceTree = "<group>";
		};
		AB86A13C29BBFD9D00F1CEB1 /* View */ = {
			isa = PBXGroup;
			children = (
				AB86A13E29BBFDFC00F1CEB1 /* AddNewProductViewController.swift */,
			);
			path = View;
			sourceTree = "<group>";
		};
		AB86A13D29BBFDAC00F1CEB1 /* Model */ = {
			isa = PBXGroup;
			children = (
				AB86A14029BC038100F1CEB1 /* AddProductNetworkService.swift */,
			);
			path = Model;
			sourceTree = "<group>";
		};
		AB86A14429BC17C900F1CEB1 /* DeletProduct */ = {
			isa = PBXGroup;
			children = (
				AB86A14729BC181700F1CEB1 /* Model */,
				AB86A14629BC180B00F1CEB1 /* View */,
				AB86A14529BC17F800F1CEB1 /* ViewModel */,
			);
			path = DeletProduct;
			sourceTree = "<group>";
		};
		AB86A14529BC17F800F1CEB1 /* ViewModel */ = {
			isa = PBXGroup;
			children = (
				AB86A14A29BC193300F1CEB1 /* ProductDetailsViewModel.swift */,
			);
			path = ViewModel;
			sourceTree = "<group>";
		};
		AB86A14629BC180B00F1CEB1 /* View */ = {
			isa = PBXGroup;
			children = (
				AB86A14E29BC1AAD00F1CEB1 /* ProductDetailsCellViewController.swift */,
				AB86A15029BC1AE500F1CEB1 /* ProductDetailsViewController.swift */,
			);
			path = View;
			sourceTree = "<group>";
		};
		AB86A14729BC181700F1CEB1 /* Model */ = {
			isa = PBXGroup;
			children = (
				AB86A15329BC1BAC00F1CEB1 /* NetworkModel */,
				AB86A15229BC1BA100F1CEB1 /* DataModel */,
			);
			path = Model;
			sourceTree = "<group>";
		};
		AB86A15229BC1BA100F1CEB1 /* DataModel */ = {
			isa = PBXGroup;
			children = (
				AB86A14829BC18F500F1CEB1 /* ProductDetailModel.swift */,
			);
			path = DataModel;
			sourceTree = "<group>";
		};
		AB86A15329BC1BAC00F1CEB1 /* NetworkModel */ = {
			isa = PBXGroup;
			children = (
				AB86A15429BC1BDE00F1CEB1 /* DeletProductNetworkManager.swift */,
			);
			path = NetworkModel;
			sourceTree = "<group>";
		};
/* End PBXGroup section */

/* Begin PBXNativeTarget section */
		AB84950E29B63CF400E1631C /* Shopify Admin */ = {
			isa = PBXNativeTarget;
			buildConfigurationList = AB84953929B63CF700E1631C /* Build configuration list for PBXNativeTarget "Shopify Admin" */;
			buildPhases = (
				AB84950B29B63CF400E1631C /* Sources */,
				AB84950C29B63CF400E1631C /* Frameworks */,
				AB84950D29B63CF400E1631C /* Resources */,
			);
			buildRules = (
			);
			dependencies = (
			);
			name = "Shopify Admin";
			packageProductDependencies = (
				AB73B49929B70D1300CE814B /* Kingfisher */,
				AB73B4A229B7105B00CE814B /* Alamofire */,
			);
			productName = "Shopify Admin";
			productReference = AB84950F29B63CF400E1631C /* Shopify Admin.app */;
			productType = "com.apple.product-type.application";
		};
		AB84952429B63CF700E1631C /* Shopify AdminTests */ = {
			isa = PBXNativeTarget;
			buildConfigurationList = AB84953C29B63CF700E1631C /* Build configuration list for PBXNativeTarget "Shopify AdminTests" */;
			buildPhases = (
				AB84952129B63CF700E1631C /* Sources */,
				AB84952229B63CF700E1631C /* Frameworks */,
				AB84952329B63CF700E1631C /* Resources */,
			);
			buildRules = (
			);
			dependencies = (
				AB84952729B63CF700E1631C /* PBXTargetDependency */,
			);
			name = "Shopify AdminTests";
			productName = "Shopify AdminTests";
			productReference = AB84952529B63CF700E1631C /* Shopify AdminTests.xctest */;
			productType = "com.apple.product-type.bundle.unit-test";
		};
		AB84952E29B63CF700E1631C /* Shopify AdminUITests */ = {
			isa = PBXNativeTarget;
			buildConfigurationList = AB84953F29B63CF700E1631C /* Build configuration list for PBXNativeTarget "Shopify AdminUITests" */;
			buildPhases = (
				AB84952B29B63CF700E1631C /* Sources */,
				AB84952C29B63CF700E1631C /* Frameworks */,
				AB84952D29B63CF700E1631C /* Resources */,
			);
			buildRules = (
			);
			dependencies = (
				AB84953129B63CF700E1631C /* PBXTargetDependency */,
			);
			name = "Shopify AdminUITests";
			productName = "Shopify AdminUITests";
			productReference = AB84952F29B63CF700E1631C /* Shopify AdminUITests.xctest */;
			productType = "com.apple.product-type.bundle.ui-testing";
		};
/* End PBXNativeTarget section */

/* Begin PBXProject section */
		AB84950729B63CF300E1631C /* Project object */ = {
			isa = PBXProject;
			attributes = {
				BuildIndependentTargetsInParallel = 1;
				LastSwiftUpdateCheck = 1420;
				LastUpgradeCheck = 1420;
				TargetAttributes = {
					AB84950E29B63CF400E1631C = {
						CreatedOnToolsVersion = 14.2;
					};
					AB84952429B63CF700E1631C = {
						CreatedOnToolsVersion = 14.2;
						TestTargetID = AB84950E29B63CF400E1631C;
					};
					AB84952E29B63CF700E1631C = {
						CreatedOnToolsVersion = 14.2;
						TestTargetID = AB84950E29B63CF400E1631C;
					};
				};
			};
			buildConfigurationList = AB84950A29B63CF300E1631C /* Build configuration list for PBXProject "Shopify Admin" */;
			compatibilityVersion = "Xcode 14.0";
			developmentRegion = en;
			hasScannedForEncodings = 0;
			knownRegions = (
				en,
				Base,
			);
			mainGroup = AB84950629B63CF300E1631C;
			packageReferences = (
				AB73B49829B70D1300CE814B /* XCRemoteSwiftPackageReference "Kingfisher" */,
				AB73B4A129B7105B00CE814B /* XCRemoteSwiftPackageReference "Alamofire" */,
			);
			productRefGroup = AB84951029B63CF400E1631C /* Products */;
			projectDirPath = "";
			projectRoot = "";
			targets = (
				AB84950E29B63CF400E1631C /* Shopify Admin */,
				AB84952429B63CF700E1631C /* Shopify AdminTests */,
				AB84952E29B63CF700E1631C /* Shopify AdminUITests */,
			);
		};
/* End PBXProject section */

/* Begin PBXResourcesBuildPhase section */
		AB84950D29B63CF400E1631C /* Resources */ = {
			isa = PBXResourcesBuildPhase;
			buildActionMask = 2147483647;
			files = (
				AB84951F29B63CF600E1631C /* LaunchScreen.storyboard in Resources */,
				AB84951C29B63CF600E1631C /* Assets.xcassets in Resources */,
				AB84951A29B63CF400E1631C /* Main.storyboard in Resources */,
			);
			runOnlyForDeploymentPostprocessing = 0;
		};
		AB84952329B63CF700E1631C /* Resources */ = {
			isa = PBXResourcesBuildPhase;
			buildActionMask = 2147483647;
			files = (
			);
			runOnlyForDeploymentPostprocessing = 0;
		};
		AB84952D29B63CF700E1631C /* Resources */ = {
			isa = PBXResourcesBuildPhase;
			buildActionMask = 2147483647;
			files = (
			);
			runOnlyForDeploymentPostprocessing = 0;
		};
/* End PBXResourcesBuildPhase section */

/* Begin PBXSourcesBuildPhase section */
		AB84950B29B63CF400E1631C /* Sources */ = {
			isa = PBXSourcesBuildPhase;
			buildActionMask = 2147483647;
			files = (
				AB86A14129BC038100F1CEB1 /* AddProductNetworkService.swift in Sources */,
				AB0DC9CC29B90A2E008302AF /* GenericAPIService.swift in Sources */,
				AB73B4A929B7135900CE814B /* CategoryCollectionViewCell.swift in Sources */,
				AB86A15129BC1AE500F1CEB1 /* ProductDetailsViewController.swift in Sources */,
				AB86A13629BBE03500F1CEB1 /* ProductCollectionViewCell.swift in Sources */,
				AB73B4A529B712BC00CE814B /* CategoryViewModel.swift in Sources */,
				AB73B47229B6E0C800CE814B /* LoginViewModel.swift in Sources */,
				AB86A13F29BBFDFC00F1CEB1 /* AddNewProductViewController.swift in Sources */,
				AB86A14F29BC1AAD00F1CEB1 /* ProductDetailsCellViewController.swift in Sources */,
				AB86A15529BC1BDE00F1CEB1 /* DeletProductNetworkManager.swift in Sources */,
				AB84951329B63CF400E1631C /* AppDelegate.swift in Sources */,
				AB86A13829BBE07100F1CEB1 /* ProductsViewModel.swift in Sources */,
				AB0DC9D529B926D9008302AF /* DeleteCustomerNetworkService.swift in Sources */,
				AB73B49D29B70D9500CE814B /* Category.swift in Sources */,
				AB73B48629B6FC0D00CE814B /* SignUpViewController.swift in Sources */,
				AB73B47629B6E18300CE814B /* CustomerLoginModel.swift in Sources */,
				AB86A13429BBDFB500F1CEB1 /* ProductsViewController.swift in Sources */,
				AB86A14329BC059A00F1CEB1 /* AddProductViewModel.swift in Sources */,
				AB0DC9D029B90E7A008302AF /* RetrieveCustomersViewController.swift in Sources */,
				AB73B47829B6E1A100CE814B /* LoginNetworkService.swift in Sources */,
				AB73B48829B6FC4E00CE814B /* AddCustomerNetworkManager.swift in Sources */,
				AB73B48A29B6FC7300CE814B /* SignupViewModel.swift in Sources */,
				AB73B4A729B712FC00CE814B /* CategoryViewController.swift in Sources */,
				AB73B47429B6E12400CE814B /* LoginViewController.swift in Sources */,
				AB0DC9CE29B90B5A008302AF /* RetrieveCustomersViewModel.swift in Sources */,
				AB73B48C29B6FCDF00CE814B /* CustomerModel.swift in Sources */,
				AB86A14B29BC193300F1CEB1 /* ProductDetailsViewModel.swift in Sources */,
				AB84951529B63CF400E1631C /* SceneDelegate.swift in Sources */,
				AB0DC9D229B90FE5008302AF /* RetrieveCustomersTableViewCell.swift in Sources */,
				AB73B47F29B6EDDC00CE814B /* AdminCrudOperaionsViewController.swift in Sources */,
				AB86A14929BC18F500F1CEB1 /* ProductDetailModel.swift in Sources */,
			);
			runOnlyForDeploymentPostprocessing = 0;
		};
		AB84952129B63CF700E1631C /* Sources */ = {
			isa = PBXSourcesBuildPhase;
			buildActionMask = 2147483647;
			files = (
				AB84952A29B63CF700E1631C /* Shopify_AdminTests.swift in Sources */,
			);
			runOnlyForDeploymentPostprocessing = 0;
		};
		AB84952B29B63CF700E1631C /* Sources */ = {
			isa = PBXSourcesBuildPhase;
			buildActionMask = 2147483647;
			files = (
				AB84953429B63CF700E1631C /* Shopify_AdminUITests.swift in Sources */,
				AB84953629B63CF700E1631C /* Shopify_AdminUITestsLaunchTests.swift in Sources */,
			);
			runOnlyForDeploymentPostprocessing = 0;
		};
/* End PBXSourcesBuildPhase section */

/* Begin PBXTargetDependency section */
		AB84952729B63CF700E1631C /* PBXTargetDependency */ = {
			isa = PBXTargetDependency;
			target = AB84950E29B63CF400E1631C /* Shopify Admin */;
			targetProxy = AB84952629B63CF700E1631C /* PBXContainerItemProxy */;
		};
		AB84953129B63CF700E1631C /* PBXTargetDependency */ = {
			isa = PBXTargetDependency;
			target = AB84950E29B63CF400E1631C /* Shopify Admin */;
			targetProxy = AB84953029B63CF700E1631C /* PBXContainerItemProxy */;
		};
/* End PBXTargetDependency section */

/* Begin PBXVariantGroup section */
		AB84951829B63CF400E1631C /* Main.storyboard */ = {
			isa = PBXVariantGroup;
			children = (
				AB84951929B63CF400E1631C /* Base */,
			);
			name = Main.storyboard;
			sourceTree = "<group>";
		};
		AB84951D29B63CF600E1631C /* LaunchScreen.storyboard */ = {
			isa = PBXVariantGroup;
			children = (
				AB84951E29B63CF600E1631C /* Base */,
			);
			name = LaunchScreen.storyboard;
			sourceTree = "<group>";
		};
/* End PBXVariantGroup section */

/* Begin XCBuildConfiguration section */
		AB84953729B63CF700E1631C /* Debug */ = {
			isa = XCBuildConfiguration;
			buildSettings = {
				ALWAYS_SEARCH_USER_PATHS = NO;
				CLANG_ANALYZER_NONNULL = YES;
				CLANG_ANALYZER_NUMBER_OBJECT_CONVERSION = YES_AGGRESSIVE;
				CLANG_CXX_LANGUAGE_STANDARD = "gnu++20";
				CLANG_ENABLE_MODULES = YES;
				CLANG_ENABLE_OBJC_ARC = YES;
				CLANG_ENABLE_OBJC_WEAK = YES;
				CLANG_WARN_BLOCK_CAPTURE_AUTORELEASING = YES;
				CLANG_WARN_BOOL_CONVERSION = YES;
				CLANG_WARN_COMMA = YES;
				CLANG_WARN_CONSTANT_CONVERSION = YES;
				CLANG_WARN_DEPRECATED_OBJC_IMPLEMENTATIONS = YES;
				CLANG_WARN_DIRECT_OBJC_ISA_USAGE = YES_ERROR;
				CLANG_WARN_DOCUMENTATION_COMMENTS = YES;
				CLANG_WARN_EMPTY_BODY = YES;
				CLANG_WARN_ENUM_CONVERSION = YES;
				CLANG_WARN_INFINITE_RECURSION = YES;
				CLANG_WARN_INT_CONVERSION = YES;
				CLANG_WARN_NON_LITERAL_NULL_CONVERSION = YES;
				CLANG_WARN_OBJC_IMPLICIT_RETAIN_SELF = YES;
				CLANG_WARN_OBJC_LITERAL_CONVERSION = YES;
				CLANG_WARN_OBJC_ROOT_CLASS = YES_ERROR;
				CLANG_WARN_QUOTED_INCLUDE_IN_FRAMEWORK_HEADER = YES;
				CLANG_WARN_RANGE_LOOP_ANALYSIS = YES;
				CLANG_WARN_STRICT_PROTOTYPES = YES;
				CLANG_WARN_SUSPICIOUS_MOVE = YES;
				CLANG_WARN_UNGUARDED_AVAILABILITY = YES_AGGRESSIVE;
				CLANG_WARN_UNREACHABLE_CODE = YES;
				CLANG_WARN__DUPLICATE_METHOD_MATCH = YES;
				COPY_PHASE_STRIP = NO;
				DEBUG_INFORMATION_FORMAT = dwarf;
				ENABLE_STRICT_OBJC_MSGSEND = YES;
				ENABLE_TESTABILITY = YES;
				GCC_C_LANGUAGE_STANDARD = gnu11;
				GCC_DYNAMIC_NO_PIC = NO;
				GCC_NO_COMMON_BLOCKS = YES;
				GCC_OPTIMIZATION_LEVEL = 0;
				GCC_PREPROCESSOR_DEFINITIONS = (
					"DEBUG=1",
					"$(inherited)",
				);
				GCC_WARN_64_TO_32_BIT_CONVERSION = YES;
				GCC_WARN_ABOUT_RETURN_TYPE = YES_ERROR;
				GCC_WARN_UNDECLARED_SELECTOR = YES;
				GCC_WARN_UNINITIALIZED_AUTOS = YES_AGGRESSIVE;
				GCC_WARN_UNUSED_FUNCTION = YES;
				GCC_WARN_UNUSED_VARIABLE = YES;
				IPHONEOS_DEPLOYMENT_TARGET = 16.2;
				MTL_ENABLE_DEBUG_INFO = INCLUDE_SOURCE;
				MTL_FAST_MATH = YES;
				ONLY_ACTIVE_ARCH = YES;
				SDKROOT = iphoneos;
				SWIFT_ACTIVE_COMPILATION_CONDITIONS = DEBUG;
				SWIFT_OPTIMIZATION_LEVEL = "-Onone";
			};
			name = Debug;
		};
		AB84953829B63CF700E1631C /* Release */ = {
			isa = XCBuildConfiguration;
			buildSettings = {
				ALWAYS_SEARCH_USER_PATHS = NO;
				CLANG_ANALYZER_NONNULL = YES;
				CLANG_ANALYZER_NUMBER_OBJECT_CONVERSION = YES_AGGRESSIVE;
				CLANG_CXX_LANGUAGE_STANDARD = "gnu++20";
				CLANG_ENABLE_MODULES = YES;
				CLANG_ENABLE_OBJC_ARC = YES;
				CLANG_ENABLE_OBJC_WEAK = YES;
				CLANG_WARN_BLOCK_CAPTURE_AUTORELEASING = YES;
				CLANG_WARN_BOOL_CONVERSION = YES;
				CLANG_WARN_COMMA = YES;
				CLANG_WARN_CONSTANT_CONVERSION = YES;
				CLANG_WARN_DEPRECATED_OBJC_IMPLEMENTATIONS = YES;
				CLANG_WARN_DIRECT_OBJC_ISA_USAGE = YES_ERROR;
				CLANG_WARN_DOCUMENTATION_COMMENTS = YES;
				CLANG_WARN_EMPTY_BODY = YES;
				CLANG_WARN_ENUM_CONVERSION = YES;
				CLANG_WARN_INFINITE_RECURSION = YES;
				CLANG_WARN_INT_CONVERSION = YES;
				CLANG_WARN_NON_LITERAL_NULL_CONVERSION = YES;
				CLANG_WARN_OBJC_IMPLICIT_RETAIN_SELF = YES;
				CLANG_WARN_OBJC_LITERAL_CONVERSION = YES;
				CLANG_WARN_OBJC_ROOT_CLASS = YES_ERROR;
				CLANG_WARN_QUOTED_INCLUDE_IN_FRAMEWORK_HEADER = YES;
				CLANG_WARN_RANGE_LOOP_ANALYSIS = YES;
				CLANG_WARN_STRICT_PROTOTYPES = YES;
				CLANG_WARN_SUSPICIOUS_MOVE = YES;
				CLANG_WARN_UNGUARDED_AVAILABILITY = YES_AGGRESSIVE;
				CLANG_WARN_UNREACHABLE_CODE = YES;
				CLANG_WARN__DUPLICATE_METHOD_MATCH = YES;
				COPY_PHASE_STRIP = NO;
				DEBUG_INFORMATION_FORMAT = "dwarf-with-dsym";
				ENABLE_NS_ASSERTIONS = NO;
				ENABLE_STRICT_OBJC_MSGSEND = YES;
				GCC_C_LANGUAGE_STANDARD = gnu11;
				GCC_NO_COMMON_BLOCKS = YES;
				GCC_WARN_64_TO_32_BIT_CONVERSION = YES;
				GCC_WARN_ABOUT_RETURN_TYPE = YES_ERROR;
				GCC_WARN_UNDECLARED_SELECTOR = YES;
				GCC_WARN_UNINITIALIZED_AUTOS = YES_AGGRESSIVE;
				GCC_WARN_UNUSED_FUNCTION = YES;
				GCC_WARN_UNUSED_VARIABLE = YES;
				IPHONEOS_DEPLOYMENT_TARGET = 16.2;
				MTL_ENABLE_DEBUG_INFO = NO;
				MTL_FAST_MATH = YES;
				SDKROOT = iphoneos;
				SWIFT_COMPILATION_MODE = wholemodule;
				SWIFT_OPTIMIZATION_LEVEL = "-O";
				VALIDATE_PRODUCT = YES;
			};
			name = Release;
		};
		AB84953A29B63CF700E1631C /* Debug */ = {
			isa = XCBuildConfiguration;
			buildSettings = {
				ASSETCATALOG_COMPILER_APPICON_NAME = AppIcon;
				ASSETCATALOG_COMPILER_GLOBAL_ACCENT_COLOR_NAME = AccentColor;
				CODE_SIGN_STYLE = Automatic;
				CURRENT_PROJECT_VERSION = 1;
				DEVELOPMENT_TEAM = MWZJ3A6CNJ;
				GENERATE_INFOPLIST_FILE = YES;
				INFOPLIST_FILE = "Shopify Admin/Info.plist";
				INFOPLIST_KEY_UIApplicationSupportsIndirectInputEvents = YES;
				INFOPLIST_KEY_UILaunchStoryboardName = LaunchScreen;
				INFOPLIST_KEY_UIMainStoryboardFile = Main;
				INFOPLIST_KEY_UISupportedInterfaceOrientations_iPad = "UIInterfaceOrientationPortrait UIInterfaceOrientationPortraitUpsideDown UIInterfaceOrientationLandscapeLeft UIInterfaceOrientationLandscapeRight";
				INFOPLIST_KEY_UISupportedInterfaceOrientations_iPhone = "UIInterfaceOrientationPortrait UIInterfaceOrientationLandscapeLeft UIInterfaceOrientationLandscapeRight";
				LD_RUNPATH_SEARCH_PATHS = (
					"$(inherited)",
					"@executable_path/Frameworks",
				);
				MARKETING_VERSION = 1.0;
				PRODUCT_BUNDLE_IDENTIFIER = "ITI.Shopify-Admin";
				PRODUCT_NAME = "$(TARGET_NAME)";
				SWIFT_EMIT_LOC_STRINGS = YES;
				SWIFT_VERSION = 5.0;
				TARGETED_DEVICE_FAMILY = "1,2";
			};
			name = Debug;
		};
		AB84953B29B63CF700E1631C /* Release */ = {
			isa = XCBuildConfiguration;
			buildSettings = {
				ASSETCATALOG_COMPILER_APPICON_NAME = AppIcon;
				ASSETCATALOG_COMPILER_GLOBAL_ACCENT_COLOR_NAME = AccentColor;
				CODE_SIGN_STYLE = Automatic;
				CURRENT_PROJECT_VERSION = 1;
				DEVELOPMENT_TEAM = MWZJ3A6CNJ;
				GENERATE_INFOPLIST_FILE = YES;
				INFOPLIST_FILE = "Shopify Admin/Info.plist";
				INFOPLIST_KEY_UIApplicationSupportsIndirectInputEvents = YES;
				INFOPLIST_KEY_UILaunchStoryboardName = LaunchScreen;
				INFOPLIST_KEY_UIMainStoryboardFile = Main;
				INFOPLIST_KEY_UISupportedInterfaceOrientations_iPad = "UIInterfaceOrientationPortrait UIInterfaceOrientationPortraitUpsideDown UIInterfaceOrientationLandscapeLeft UIInterfaceOrientationLandscapeRight";
				INFOPLIST_KEY_UISupportedInterfaceOrientations_iPhone = "UIInterfaceOrientationPortrait UIInterfaceOrientationLandscapeLeft UIInterfaceOrientationLandscapeRight";
				LD_RUNPATH_SEARCH_PATHS = (
					"$(inherited)",
					"@executable_path/Frameworks",
				);
				MARKETING_VERSION = 1.0;
				PRODUCT_BUNDLE_IDENTIFIER = "ITI.Shopify-Admin";
				PRODUCT_NAME = "$(TARGET_NAME)";
				SWIFT_EMIT_LOC_STRINGS = YES;
				SWIFT_VERSION = 5.0;
				TARGETED_DEVICE_FAMILY = "1,2";
			};
			name = Release;
		};
		AB84953D29B63CF700E1631C /* Debug */ = {
			isa = XCBuildConfiguration;
			buildSettings = {
				ALWAYS_EMBED_SWIFT_STANDARD_LIBRARIES = YES;
				BUNDLE_LOADER = "$(TEST_HOST)";
				CODE_SIGN_STYLE = Automatic;
				CURRENT_PROJECT_VERSION = 1;
				DEVELOPMENT_TEAM = MWZJ3A6CNJ;
				GENERATE_INFOPLIST_FILE = YES;
				IPHONEOS_DEPLOYMENT_TARGET = 16.2;
				MARKETING_VERSION = 1.0;
				PRODUCT_BUNDLE_IDENTIFIER = "ITI.Shopify-AdminTests";
				PRODUCT_NAME = "$(TARGET_NAME)";
				SWIFT_EMIT_LOC_STRINGS = NO;
				SWIFT_VERSION = 5.0;
				TARGETED_DEVICE_FAMILY = "1,2";
				TEST_HOST = "$(BUILT_PRODUCTS_DIR)/Shopify Admin.app/$(BUNDLE_EXECUTABLE_FOLDER_PATH)/Shopify Admin";
			};
			name = Debug;
		};
		AB84953E29B63CF700E1631C /* Release */ = {
			isa = XCBuildConfiguration;
			buildSettings = {
				ALWAYS_EMBED_SWIFT_STANDARD_LIBRARIES = YES;
				BUNDLE_LOADER = "$(TEST_HOST)";
				CODE_SIGN_STYLE = Automatic;
				CURRENT_PROJECT_VERSION = 1;
				DEVELOPMENT_TEAM = MWZJ3A6CNJ;
				GENERATE_INFOPLIST_FILE = YES;
				IPHONEOS_DEPLOYMENT_TARGET = 16.2;
				MARKETING_VERSION = 1.0;
				PRODUCT_BUNDLE_IDENTIFIER = "ITI.Shopify-AdminTests";
				PRODUCT_NAME = "$(TARGET_NAME)";
				SWIFT_EMIT_LOC_STRINGS = NO;
				SWIFT_VERSION = 5.0;
				TARGETED_DEVICE_FAMILY = "1,2";
				TEST_HOST = "$(BUILT_PRODUCTS_DIR)/Shopify Admin.app/$(BUNDLE_EXECUTABLE_FOLDER_PATH)/Shopify Admin";
			};
			name = Release;
		};
		AB84954029B63CF700E1631C /* Debug */ = {
			isa = XCBuildConfiguration;
			buildSettings = {
				ALWAYS_EMBED_SWIFT_STANDARD_LIBRARIES = YES;
				CODE_SIGN_STYLE = Automatic;
				CURRENT_PROJECT_VERSION = 1;
				DEVELOPMENT_TEAM = MWZJ3A6CNJ;
				GENERATE_INFOPLIST_FILE = YES;
				MARKETING_VERSION = 1.0;
				PRODUCT_BUNDLE_IDENTIFIER = "ITI.Shopify-AdminUITests";
				PRODUCT_NAME = "$(TARGET_NAME)";
				SWIFT_EMIT_LOC_STRINGS = NO;
				SWIFT_VERSION = 5.0;
				TARGETED_DEVICE_FAMILY = "1,2";
				TEST_TARGET_NAME = "Shopify Admin";
			};
			name = Debug;
		};
		AB84954129B63CF700E1631C /* Release */ = {
			isa = XCBuildConfiguration;
			buildSettings = {
				ALWAYS_EMBED_SWIFT_STANDARD_LIBRARIES = YES;
				CODE_SIGN_STYLE = Automatic;
				CURRENT_PROJECT_VERSION = 1;
				DEVELOPMENT_TEAM = MWZJ3A6CNJ;
				GENERATE_INFOPLIST_FILE = YES;
				MARKETING_VERSION = 1.0;
				PRODUCT_BUNDLE_IDENTIFIER = "ITI.Shopify-AdminUITests";
				PRODUCT_NAME = "$(TARGET_NAME)";
				SWIFT_EMIT_LOC_STRINGS = NO;
				SWIFT_VERSION = 5.0;
				TARGETED_DEVICE_FAMILY = "1,2";
				TEST_TARGET_NAME = "Shopify Admin";
			};
			name = Release;
		};
/* End XCBuildConfiguration section */

/* Begin XCConfigurationList section */
		AB84950A29B63CF300E1631C /* Build configuration list for PBXProject "Shopify Admin" */ = {
			isa = XCConfigurationList;
			buildConfigurations = (
				AB84953729B63CF700E1631C /* Debug */,
				AB84953829B63CF700E1631C /* Release */,
			);
			defaultConfigurationIsVisible = 0;
			defaultConfigurationName = Release;
		};
		AB84953929B63CF700E1631C /* Build configuration list for PBXNativeTarget "Shopify Admin" */ = {
			isa = XCConfigurationList;
			buildConfigurations = (
				AB84953A29B63CF700E1631C /* Debug */,
				AB84953B29B63CF700E1631C /* Release */,
			);
			defaultConfigurationIsVisible = 0;
			defaultConfigurationName = Release;
		};
		AB84953C29B63CF700E1631C /* Build configuration list for PBXNativeTarget "Shopify AdminTests" */ = {
			isa = XCConfigurationList;
			buildConfigurations = (
				AB84953D29B63CF700E1631C /* Debug */,
				AB84953E29B63CF700E1631C /* Release */,
			);
			defaultConfigurationIsVisible = 0;
			defaultConfigurationName = Release;
		};
		AB84953F29B63CF700E1631C /* Build configuration list for PBXNativeTarget "Shopify AdminUITests" */ = {
			isa = XCConfigurationList;
			buildConfigurations = (
				AB84954029B63CF700E1631C /* Debug */,
				AB84954129B63CF700E1631C /* Release */,
			);
			defaultConfigurationIsVisible = 0;
			defaultConfigurationName = Release;
		};
/* End XCConfigurationList section */

/* Begin XCRemoteSwiftPackageReference section */
		AB73B49829B70D1300CE814B /* XCRemoteSwiftPackageReference "Kingfisher" */ = {
			isa = XCRemoteSwiftPackageReference;
			repositoryURL = "https://github.com/onevcat/Kingfisher.git";
			requirement = {
				kind = upToNextMajorVersion;
				minimumVersion = 7.0.0;
			};
		};
		AB73B4A129B7105B00CE814B /* XCRemoteSwiftPackageReference "Alamofire" */ = {
			isa = XCRemoteSwiftPackageReference;
			repositoryURL = "https://github.com/Alamofire/Alamofire.git";
			requirement = {
				kind = upToNextMajorVersion;
				minimumVersion = 5.0.0;
			};
		};
/* End XCRemoteSwiftPackageReference section */

/* Begin XCSwiftPackageProductDependency section */
		AB73B49929B70D1300CE814B /* Kingfisher */ = {
			isa = XCSwiftPackageProductDependency;
			package = AB73B49829B70D1300CE814B /* XCRemoteSwiftPackageReference "Kingfisher" */;
			productName = Kingfisher;
		};
		AB73B4A229B7105B00CE814B /* Alamofire */ = {
			isa = XCSwiftPackageProductDependency;
			package = AB73B4A129B7105B00CE814B /* XCRemoteSwiftPackageReference "Alamofire" */;
			productName = Alamofire;
		};
/* End XCSwiftPackageProductDependency section */
	};
	rootObject = AB84950729B63CF300E1631C /* Project object */;
}
